
Microsoft Visual Studio Solution File, Format Version 12.00
# Visual Studio Version 16
VisualStudioVersion = 16.0.30114.105
MinimumVisualStudioVersion = 10.0.40219.1
Project("{FAE04EC0-301F-11D3-BF4B-00C04F79EFBC}") = "TaskManagementSystemWebApi", "TaskManagementSystemWebApi\TaskManagementSystemWebApi.csproj", "{FF739507-DCDA-4400-A94D-9FA648882AC4}"
EndProject
Project("{FAE04EC0-301F-11D3-BF4B-00C04F79EFBC}") = "Entities", "Entities\Entities.csproj", "{55406FEA-6427-467F-A812-BA310428CE41}"
EndProject
Global
	GlobalSection(SolutionConfigurationPlatforms) = preSolution
		Debug|Any CPU = Debug|Any CPU
		Release|Any CPU = Release|Any CPU
	EndGlobalSection
	GlobalSection(ProjectConfigurationPlatforms) = postSolution
		{FF739507-DCDA-4400-A94D-9FA648882AC4}.Debug|Any CPU.ActiveCfg = Debug|Any CPU
		{FF739507-DCDA-4400-A94D-9FA648882AC4}.Debug|Any CPU.Build.0 = Debug|Any CPU
		{FF739507-DCDA-4400-A94D-9FA648882AC4}.Release|Any CPU.ActiveCfg = Release|Any CPU
		{FF739507-DCDA-4400-A94D-9FA648882AC4}.Release|Any CPU.Build.0 = Release|Any CPU
		{55406FEA-6427-467F-A812-BA310428CE41}.Debug|Any CPU.ActiveCfg = Debug|Any CPU
		{55406FEA-6427-467F-A812-BA310428CE41}.Debug|Any CPU.Build.0 = Debug|Any CPU
		{55406FEA-6427-467F-A812-BA310428CE41}.Release|Any CPU.ActiveCfg = Release|Any CPU
		{55406FEA-6427-467F-A812-BA310428CE41}.Release|Any CPU.Build.0 = Release|Any CPU
	EndGlobalSection
	GlobalSection(SolutionProperties) = preSolution
		HideSolutionNode = FALSE
	EndGlobalSection
	GlobalSection(ExtensibilityGlobals) = postSolution
		SolutionGuid = {116E9F95-4DEE-4F56-91C0-79BCB67FB505}
	EndGlobalSection
EndGlobal
